
Microsoft Visual Studio Solution File, Format Version 12.00
# Visual Studio Version 16
VisualStudioVersion = 16.0.33214.272
MinimumVisualStudioVersion = 10.0.40219.1
Project("{151D2E53-A2C4-4D7D-83FE-D05416EBD58E}") = "MyLogicApp", "MyLogicApp.deployproj", "{D4FCEBA3-81D5-4B62-BBB7-92813C8A2B4C}"
EndProject
Global
	GlobalSection(SolutionConfigurationPlatforms) = preSolution
		Debug|Any CPU = Debug|Any CPU
		Release|Any CPU = Release|Any CPU
	EndGlobalSection
	GlobalSection(ProjectConfigurationPlatforms) = postSolution
		{D4FCEBA3-81D5-4B62-BBB7-92813C8A2B4C}.Debug|Any CPU.ActiveCfg = Debug|Any CPU
		{D4FCEBA3-81D5-4B62-BBB7-92813C8A2B4C}.Debug|Any CPU.Build.0 = Debug|Any CPU
		{D4FCEBA3-81D5-4B62-BBB7-92813C8A2B4C}.Release|Any CPU.ActiveCfg = Release|Any CPU
		{D4FCEBA3-81D5-4B62-BBB7-92813C8A2B4C}.Release|Any CPU.Build.0 = Release|Any CPU
	EndGlobalSection
	GlobalSection(SolutionProperties) = preSolution
		HideSolutionNode = FALSE
	EndGlobalSection
	GlobalSection(ExtensibilityGlobals) = postSolution
		SolutionGuid = {A6230630-892C-4B96-A1E2-C63E2204EC48}
	EndGlobalSection
EndGlobal
